# @generated - this file is auto-generated by `montrs lock`
format_version = 1

config_sources = ["montrs install", "montrs install", "montrs install", "montrs install", "montrs install", "montrs install", "montrs install"]

[[tools.tailwindcss]]
version = "4"

[[tools.tailwindcss]]
version = "4"

[[tools.tailwindcss]]
version = "4.3.3"

[[tools.wasm-bindgen]]
version = "0.2.127"